
Microsoft Visual Studio Solution File, Format Version 12.00
# Visual Studio Version 16
VisualStudioVersion = 16.0.31205.134
MinimumVisualStudioVersion = 10.0.40219.1
Project("{9A19103F-16F7-4668-BE54-9A1E7A4F7556}") = "Prism8Puzzle", "Prism8Puzzle\Prism8Puzzle.csproj", "{A42CF757-4EBA-46E6-B7CF-78F290004945}"
EndProject
Project("{9A19103F-16F7-4668-BE54-9A1E7A4F7556}") = "Prism8Puzzle.Core", "Prism8Puzzle.Core\Prism8Puzzle.Core.csproj", "{AE39F02E-64BD-4BD2-A783-E1734D69F77A}"
EndProject
Project("{2150E333-8FDC-42A3-9474-1A3956D46DE8}") = "Modules", "Modules", "{BC317F54-3E11-4283-9259-E2B2BD133050}"
EndProject
Project("{9A19103F-16F7-4668-BE54-9A1E7A4F7556}") = "ToolBar", "Modules\ToolBar\ToolBar.csproj", "{ADD183BE-C161-4D41-A04F-AF529752B3A2}"
EndProject
Project("{2150E333-8FDC-42A3-9474-1A3956D46DE8}") = "Business", "Business", "{2CBC8D06-49E0-42E3-85B9-D80335217115}"
EndProject
Project("{9A19103F-16F7-4668-BE54-9A1E7A4F7556}") = "Business", "Business\Business\Business.csproj", "{3D63D4A0-F9ED-499F-821E-6C6A6F4FEBB9}"
EndProject
Project("{2150E333-8FDC-42A3-9474-1A3956D46DE8}") = "Controls", "Controls", "{9B0A904F-5354-406A-824E-C3E2342BC8F6}"
EndProject
Project("{9A19103F-16F7-4668-BE54-9A1E7A4F7556}") = "Controls", "Controls\Controls\Controls.csproj", "{77B7F271-12AB-4298-846A-8B4821FE32C9}"
EndProject
Project("{2150E333-8FDC-42A3-9474-1A3956D46DE8}") = "Library", "Library", "{71AF6077-00DC-46E4-BF32-6F7BEC78C976}"
EndProject
Project("{9A19103F-16F7-4668-BE54-9A1E7A4F7556}") = "Library", "Library\Library\Library.csproj", "{A1B175E7-F949-4EEA-9C14-5C9C45ED6F9D}"
EndProject
Project("{2150E333-8FDC-42A3-9474-1A3956D46DE8}") = "Converters", "Converters", "{77C87A4F-55D2-41E0-829E-DBC7174271E4}"
EndProject
Project("{FAE04EC0-301F-11D3-BF4B-00C04F79EFBC}") = "Converters", "Converters\Converters.csproj", "{11AD7CEE-4A79-4FBD-8421-E00B2BDBA0AC}"
EndProject
Project("{FAE04EC0-301F-11D3-BF4B-00C04F79EFBC}") = "Navigation", "Modules\Navigation\Navigation.csproj", "{32633B85-2D6E-4749-A05C-7C9499782AB9}"
EndProject
Project("{FAE04EC0-301F-11D3-BF4B-00C04F79EFBC}") = "Services", "Modules\Services\Services.csproj", "{6C0472B9-9BAB-4573-B31A-F13AC039B901}"
EndProject
Project("{FAE04EC0-301F-11D3-BF4B-00C04F79EFBC}") = "StatusBar", "Modules\StatusBar\StatusBar.csproj", "{346C87B1-9D4C-46B2-AE1C-572D4F30E45F}"
EndProject
Project("{FAE04EC0-301F-11D3-BF4B-00C04F79EFBC}") = "Puzzle", "Modules\Puzzle\Puzzle.csproj", "{40E3BCA2-1A36-453D-855E-6EF2221AE3E1}"
EndProject
Global
	GlobalSection(SolutionConfigurationPlatforms) = preSolution
		Debug|Any CPU = Debug|Any CPU
		Release|Any CPU = Release|Any CPU
	EndGlobalSection
	GlobalSection(ProjectConfigurationPlatforms) = postSolution
		{A42CF757-4EBA-46E6-B7CF-78F290004945}.Debug|Any CPU.ActiveCfg = Debug|Any CPU
		{A42CF757-4EBA-46E6-B7CF-78F290004945}.Debug|Any CPU.Build.0 = Debug|Any CPU
		{A42CF757-4EBA-46E6-B7CF-78F290004945}.Release|Any CPU.ActiveCfg = Release|Any CPU
		{A42CF757-4EBA-46E6-B7CF-78F290004945}.Release|Any CPU.Build.0 = Release|Any CPU
		{AE39F02E-64BD-4BD2-A783-E1734D69F77A}.Debug|Any CPU.ActiveCfg = Debug|Any CPU
		{AE39F02E-64BD-4BD2-A783-E1734D69F77A}.Debug|Any CPU.Build.0 = Debug|Any CPU
		{AE39F02E-64BD-4BD2-A783-E1734D69F77A}.Release|Any CPU.ActiveCfg = Release|Any CPU
		{AE39F02E-64BD-4BD2-A783-E1734D69F77A}.Release|Any CPU.Build.0 = Release|Any CPU
		{ADD183BE-C161-4D41-A04F-AF529752B3A2}.Debug|Any CPU.ActiveCfg = Debug|Any CPU
		{ADD183BE-C161-4D41-A04F-AF529752B3A2}.Debug|Any CPU.Build.0 = Debug|Any CPU
		{ADD183BE-C161-4D41-A04F-AF529752B3A2}.Release|Any CPU.ActiveCfg = Release|Any CPU
		{ADD183BE-C161-4D41-A04F-AF529752B3A2}.Release|Any CPU.Build.0 = Release|Any CPU
		{3D63D4A0-F9ED-499F-821E-6C6A6F4FEBB9}.Debug|Any CPU.ActiveCfg = Debug|Any CPU
		{3D63D4A0-F9ED-499F-821E-6C6A6F4FEBB9}.Debug|Any CPU.Build.0 = Debug|Any CPU
		{3D63D4A0-F9ED-499F-821E-6C6A6F4FEBB9}.Release|Any CPU.ActiveCfg = Release|Any CPU
		{3D63D4A0-F9ED-499F-821E-6C6A6F4FEBB9}.Release|Any CPU.Build.0 = Release|Any CPU
		{77B7F271-12AB-4298-846A-8B4821FE32C9}.Debug|Any CPU.ActiveCfg = Debug|Any CPU
		{77B7F271-12AB-4298-846A-8B4821FE32C9}.Debug|Any CPU.Build.0 = Debug|Any CPU
		{77B7F271-12AB-4298-846A-8B4821FE32C9}.Release|Any CPU.ActiveCfg = Release|Any CPU
		{77B7F271-12AB-4298-846A-8B4821FE32C9}.Release|Any CPU.Build.0 = Release|Any CPU
		{A1B175E7-F949-4EEA-9C14-5C9C45ED6F9D}.Debug|Any CPU.ActiveCfg = Debug|Any CPU
		{A1B175E7-F949-4EEA-9C14-5C9C45ED6F9D}.Debug|Any CPU.Build.0 = Debug|Any CPU
		{A1B175E7-F949-4EEA-9C14-5C9C45ED6F9D}.Release|Any CPU.ActiveCfg = Release|Any CPU
		{A1B175E7-F949-4EEA-9C14-5C9C45ED6F9D}.Release|Any CPU.Build.0 = Release|Any CPU
		{11AD7CEE-4A79-4FBD-8421-E00B2BDBA0AC}.Debug|Any CPU.ActiveCfg = Debug|Any CPU
		{11AD7CEE-4A79-4FBD-8421-E00B2BDBA0AC}.Debug|Any CPU.Build.0 = Debug|Any CPU
		{11AD7CEE-4A79-4FBD-8421-E00B2BDBA0AC}.Release|Any CPU.ActiveCfg = Release|Any CPU
		{11AD7CEE-4A79-4FBD-8421-E00B2BDBA0AC}.Release|Any CPU.Build.0 = Release|Any CPU
		{32633B85-2D6E-4749-A05C-7C9499782AB9}.Debug|Any CPU.ActiveCfg = Debug|Any CPU
		{32633B85-2D6E-4749-A05C-7C9499782AB9}.Debug|Any CPU.Build.0 = Debug|Any CPU
		{32633B85-2D6E-4749-A05C-7C9499782AB9}.Release|Any CPU.ActiveCfg = Release|Any CPU
		{32633B85-2D6E-4749-A05C-7C9499782AB9}.Release|Any CPU.Build.0 = Release|Any CPU
		{6C0472B9-9BAB-4573-B31A-F13AC039B901}.Debug|Any CPU.ActiveCfg = Debug|Any CPU
		{6C0472B9-9BAB-4573-B31A-F13AC039B901}.Debug|Any CPU.Build.0 = Debug|Any CPU
		{6C0472B9-9BAB-4573-B31A-F13AC039B901}.Release|Any CPU.ActiveCfg = Release|Any CPU
		{6C0472B9-9BAB-4573-B31A-F13AC039B901}.Release|Any CPU.Build.0 = Release|Any CPU
		{346C87B1-9D4C-46B2-AE1C-572D4F30E45F}.Debug|Any CPU.ActiveCfg = Debug|Any CPU
		{346C87B1-9D4C-46B2-AE1C-572D4F30E45F}.Debug|Any CPU.Build.0 = Debug|Any CPU
		{346C87B1-9D4C-46B2-AE1C-572D4F30E45F}.Release|Any CPU.ActiveCfg = Release|Any CPU
		{346C87B1-9D4C-46B2-AE1C-572D4F30E45F}.Release|Any CPU.Build.0 = Release|Any CPU
		{40E3BCA2-1A36-453D-855E-6EF2221AE3E1}.Debug|Any CPU.ActiveCfg = Debug|Any CPU
		{40E3BCA2-1A36-453D-855E-6EF2221AE3E1}.Debug|Any CPU.Build.0 = Debug|Any CPU
		{40E3BCA2-1A36-453D-855E-6EF2221AE3E1}.Release|Any CPU.ActiveCfg = Release|Any CPU
		{40E3BCA2-1A36-453D-855E-6EF2221AE3E1}.Release|Any CPU.Build.0 = Release|Any CPU
	EndGlobalSection
	GlobalSection(SolutionProperties) = preSolution
		HideSolutionNode = FALSE
	EndGlobalSection
	GlobalSection(NestedProjects) = preSolution
		{ADD183BE-C161-4D41-A04F-AF529752B3A2} = {BC317F54-3E11-4283-9259-E2B2BD133050}
		{3D63D4A0-F9ED-499F-821E-6C6A6F4FEBB9} = {2CBC8D06-49E0-42E3-85B9-D80335217115}
		{77B7F271-12AB-4298-846A-8B4821FE32C9} = {9B0A904F-5354-406A-824E-C3E2342BC8F6}
		{A1B175E7-F949-4EEA-9C14-5C9C45ED6F9D} = {71AF6077-00DC-46E4-BF32-6F7BEC78C976}
		{11AD7CEE-4A79-4FBD-8421-E00B2BDBA0AC} = {77C87A4F-55D2-41E0-829E-DBC7174271E4}
		{32633B85-2D6E-4749-A05C-7C9499782AB9} = {BC317F54-3E11-4283-9259-E2B2BD133050}
		{6C0472B9-9BAB-4573-B31A-F13AC039B901} = {BC317F54-3E11-4283-9259-E2B2BD133050}
		{346C87B1-9D4C-46B2-AE1C-572D4F30E45F} = {BC317F54-3E11-4283-9259-E2B2BD133050}
		{40E3BCA2-1A36-453D-855E-6EF2221AE3E1} = {BC317F54-3E11-4283-9259-E2B2BD133050}
	EndGlobalSection
	GlobalSection(ExtensibilityGlobals) = postSolution
		SolutionGuid = {DBF1AB91-93E4-4DD9-96D8-BF048C71B0F9}
	EndGlobalSection
EndGlobal
